# Generated from the production-compatible Python environment on 2026-07-21.
# Review and regenerate this file together with pyproject.toml changes.
aiofiles==25.1.0
alembic==1.18.5
asyncpg==0.31.0
bcrypt==5.0.0
boto3==1.43.46
celery==5.6.3
cryptography==49.0.0
fastapi==0.139.0
GeoAlchemy2==0.20.0
google-api-python-client==2.198.0
google-auth==2.55.2
httpx==0.28.1
openpyxl==3.1.5
pandas==3.0.3
passlib==1.7.4
prometheus-client==0.25.0
pydantic==2.13.4
pydantic-settings==2.14.2
pynspd==1.1.13
python-jose==3.5.0
python-multipart==0.0.32
redis==6.4.0
shapely==2.1.2
SQLAlchemy==2.0.51
uvicorn==0.51.0

# Transitive pins used by the application/runtime.
anyio==4.14.1
certifi==2026.6.17
cffi==2.1.0
charset-normalizer==3.4.9
click==8.4.2
greenlet==3.5.3
h11==0.16.0
idna==3.18
numpy==2.5.1
packaging==26.2
pycparser==3.0
pydantic_core==2.46.4
python-dateutil==2.9.0.post0
python-dotenv==1.2.2
requests==2.34.2
six==1.17.0
starlette==1.3.1
typing_extensions==4.16.0
urllib3==2.7.0
